// !$*UTF8*$!
{
	archiveVersion = 1;
	classes = {
	};
	objectVersion = 50;
	objects = {

/* Begin PBXBuildFile section */
		18756A63228025AD003B422B /* AppDelegate.swift in Sources */ = {isa = PBXBuildFile; fileRef = 18756A62228025AD003B422B /* AppDelegate.swift */; };
		18756A68228025AD003B422B /* Main.storyboard in Resources */ = {isa = PBXBuildFile; fileRef = 18756A66228025AD003B422B /* Main.storyboard */; };
		18756A6A228025AF003B422B /* Assets.xcassets in Resources */ = {isa = PBXBuildFile; fileRef = 18756A69228025AF003B422B /* Assets.xcassets */; };
		18756A6D228025AF003B422B /* LaunchScreen.storyboard in Resources */ = {isa = PBXBuildFile; fileRef = 18756A6B228025AF003B422B /* LaunchScreen.storyboard */; };
		18756A78228025AF003B422B /* BearOCRTests.swift in Sources */ = {isa = PBXBuildFile; fileRef = 18756A77228025AF003B422B /* BearOCRTests.swift */; };
		18756A852280327E003B422B /* WordOCRViewController.swift in Sources */ = {isa = PBXBuildFile; fileRef = 18756A832280327E003B422B /* WordOCRViewController.swift */; };
		18756A88228033F1003B422B /* tessdata in Resources */ = {isa = PBXBuildFile; fileRef = 18756A87228033F1003B422B /* tessdata */; };
		18756A982281A98B003B422B /* Pods_BearOCR.framework in Frameworks */ = {isa = PBXBuildFile; fileRef = FE2C478009581AB2B3757D96 /* Pods_BearOCR.framework */; };
		18756AA02281A9BA003B422B /* AipOcrSdk.framework in Frameworks */ = {isa = PBXBuildFile; fileRef = 18756A9E2281A9BA003B422B /* AipOcrSdk.framework */; };
		18756AA12281A9BA003B422B /* AipOcrSdk.framework in Embed Frameworks */ = {isa = PBXBuildFile; fileRef = 18756A9E2281A9BA003B422B /* AipOcrSdk.framework */; settings = {ATTRIBUTES = (CodeSignOnCopy, RemoveHeadersOnCopy, ); }; };
		18756AA22281A9BA003B422B /* AipBase.framework in Frameworks */ = {isa = PBXBuildFile; fileRef = 18756A9F2281A9BA003B422B /* AipBase.framework */; };
		18756AA32281A9BA003B422B /* AipBase.framework in Embed Frameworks */ = {isa = PBXBuildFile; fileRef = 18756A9F2281A9BA003B422B /* AipBase.framework */; settings = {ATTRIBUTES = (CodeSignOnCopy, RemoveHeadersOnCopy, ); }; };
		18756AA52281AE42003B422B /* IdcardQuality.framework in Frameworks */ = {isa = PBXBuildFile; fileRef = 18756A8F2281970E003B422B /* IdcardQuality.framework */; };
		18756AA62281AE42003B422B /* IdcardQuality.framework in Embed Frameworks */ = {isa = PBXBuildFile; fileRef = 18756A8F2281970E003B422B /* IdcardQuality.framework */; settings = {ATTRIBUTES = (CodeSignOnCopy, RemoveHeadersOnCopy, ); }; };
		18756AA82282D1B8003B422B /* opencv2.framework in Frameworks */ = {isa = PBXBuildFile; fileRef = 18756AA72282D1B8003B422B /* opencv2.framework */; };
		18756AAD2282D2FA003B422B /* OpenCVWrapper.mm in Sources */ = {isa = PBXBuildFile; fileRef = 18756AAC2282D2FA003B422B /* OpenCVWrapper.mm */; };
		9904416E9666E2F12F8FA102 /* Pods_BearOCRTests.framework in Frameworks */ = {isa = PBXBuildFile; fileRef = 379615953B6AF21BB3751D7A /* Pods_BearOCRTests.framework */; };
/* End PBXBuildFile section */

/* Begin PBXContainerItemProxy section */
		18756A74228025AF003B422B /* PBXContainerItemProxy */ = {
			isa = PBXContainerItemProxy;
			containerPortal = 18756A57228025AD003B422B /* Project object */;
			proxyType = 1;
			remoteGlobalIDString = 18756A5E228025AD003B422B;
			remoteInfo = BearOCR;
		};
/* End PBXContainerItemProxy section */

/* Begin PBXCopyFilesBuildPhase section */
		18756AA42281A9BA003B422B /* Embed Frameworks */ = {
			isa = PBXCopyFilesBuildPhase;
			buildActionMask = 2147483647;
			dstPath = "";
			dstSubfolderSpec = 10;
			files = (
				18756AA32281A9BA003B422B /* AipBase.framework in Embed Frameworks */,
				18756AA12281A9BA003B422B /* AipOcrSdk.framework in Embed Frameworks */,
				18756AA62281AE42003B422B /* IdcardQuality.framework in Embed Frameworks */,
			);
			name = "Embed Frameworks";
			runOnlyForDeploymentPostprocessing = 0;
		};
/* End PBXCopyFilesBuildPhase section */

/* Begin PBXFileReference section */
		10BAEDD7017CE94A8CD13DB9 /* Pods-BearOCR.release.xcconfig */ = {isa = PBXFileReference; includeInIndex = 1; lastKnownFileType = text.xcconfig; name = "Pods-BearOCR.release.xcconfig"; path = "Target Support Files/Pods-BearOCR/Pods-BearOCR.release.xcconfig"; sourceTree = "<group>"; };
		18756A5F228025AD003B422B /* BearOCR.app */ = {isa = PBXFileReference; explicitFileType = wrapper.application; includeInIndex = 0; path = BearOCR.app; sourceTree = BUILT_PRODUCTS_DIR; };
		18756A62228025AD003B422B /* AppDelegate.swift */ = {isa = PBXFileReference; lastKnownFileType = sourcecode.swift; path = AppDelegate.swift; sourceTree = "<group>"; };
		18756A67228025AD003B422B /* Base */ = {isa = PBXFileReference; lastKnownFileType = file.storyboard; name = Base; path = Base.lproj/Main.storyboard; sourceTree = "<group>"; };
		18756A69228025AF003B422B /* Assets.xcassets */ = {isa = PBXFileReference; lastKnownFileType = folder.assetcatalog; path = Assets.xcassets; sourceTree = "<group>"; };
		18756A6C228025AF003B422B /* Base */ = {isa = PBXFileReference; lastKnownFileType = file.storyboard; name = Base; path = Base.lproj/LaunchScreen.storyboard; sourceTree = "<group>"; };
		18756A6E228025AF003B422B /* Info.plist */ = {isa = PBXFileReference; lastKnownFileType = text.plist.xml; path = Info.plist; sourceTree = "<group>"; };
		18756A73228025AF003B422B /* BearOCRTests.xctest */ = {isa = PBXFileReference; explicitFileType = wrapper.cfbundle; includeInIndex = 0; path = BearOCRTests.xctest; sourceTree = BUILT_PRODUCTS_DIR; };
		18756A77228025AF003B422B /* BearOCRTests.swift */ = {isa = PBXFileReference; lastKnownFileType = sourcecode.swift; path = BearOCRTests.swift; sourceTree = "<group>"; };
		18756A79228025AF003B422B /* Info.plist */ = {isa = PBXFileReference; lastKnownFileType = text.plist.xml; path = Info.plist; sourceTree = "<group>"; };
		18756A832280327E003B422B /* WordOCRViewController.swift */ = {isa = PBXFileReference; lastKnownFileType = sourcecode.swift; path = WordOCRViewController.swift; sourceTree = "<group>"; };
		18756A87228033F1003B422B /* tessdata */ = {isa = PBXFileReference; lastKnownFileType = folder; path = tessdata; sourceTree = "<group>"; };
		18756A8F2281970E003B422B /* IdcardQuality.framework */ = {isa = PBXFileReference; lastKnownFileType = wrapper.framework; path = IdcardQuality.framework; sourceTree = "<group>"; };
		18756A9E2281A9BA003B422B /* AipOcrSdk.framework */ = {isa = PBXFileReference; lastKnownFileType = wrapper.framework; path = AipOcrSdk.framework; sourceTree = "<group>"; };
		18756A9F2281A9BA003B422B /* AipBase.framework */ = {isa = PBXFileReference; lastKnownFileType = wrapper.framework; path = AipBase.framework; sourceTree = "<group>"; };
		18756AA72282D1B8003B422B /* opencv2.framework */ = {isa = PBXFileReference; lastKnownFileType = wrapper.framework; path = opencv2.framework; sourceTree = "<group>"; };
		18756AAA2282D2FA003B422B /* BearOCR-Bridging-Header.h */ = {isa = PBXFileReference; lastKnownFileType = sourcecode.c.h; path = "BearOCR-Bridging-Header.h"; sourceTree = "<group>"; };
		18756AAB2282D2FA003B422B /* OpenCVWrapper.h */ = {isa = PBXFileReference; lastKnownFileType = sourcecode.c.h; path = OpenCVWrapper.h; sourceTree = "<group>"; };
		18756AAC2282D2FA003B422B /* OpenCVWrapper.mm */ = {isa = PBXFileReference; lastKnownFileType = sourcecode.cpp.objcpp; path = OpenCVWrapper.mm; sourceTree = "<group>"; };
		18756AAE2282D44C003B422B /* PrefixHeader.pch */ = {isa = PBXFileReference; lastKnownFileType = sourcecode.c.h; path = PrefixHeader.pch; sourceTree = "<group>"; };
		379615953B6AF21BB3751D7A /* Pods_BearOCRTests.framework */ = {isa = PBXFileReference; explicitFileType = wrapper.framework; includeInIndex = 0; path = Pods_BearOCRTests.framework; sourceTree = BUILT_PRODUCTS_DIR; };
		4D954F1DA57EF8961E74697A /* Pods-BearOCRTests.debug.xcconfig */ = {isa = PBXFileReference; includeInIndex = 1; lastKnownFileType = text.xcconfig; name = "Pods-BearOCRTests.debug.xcconfig"; path = "Target Support Files/Pods-BearOCRTests/Pods-BearOCRTests.debug.xcconfig"; sourceTree = "<group>"; };
		5D47AD38D60FB197B9F631F6 /* Pods-BearOCRTests.release.xcconfig */ = {isa = PBXFileReference; includeInIndex = 1; lastKnownFileType = text.xcconfig; name = "Pods-BearOCRTests.release.xcconfig"; path = "Target Support Files/Pods-BearOCRTests/Pods-BearOCRTests.release.xcconfig"; sourceTree = "<group>"; };
		AB24E1BD8CD0A31776FE2DBC /* Pods-BearOCR.debug.xcconfig */ = {isa = PBXFileReference; includeInIndex = 1; lastKnownFileType = text.xcconfig; name = "Pods-BearOCR.debug.xcconfig"; path = "Target Support Files/Pods-BearOCR/Pods-BearOCR.debug.xcconfig"; sourceTree = "<group>"; };
		FE2C478009581AB2B3757D96 /* Pods_BearOCR.framework */ = {isa = PBXFileReference; explicitFileType = wrapper.framework; includeInIndex = 0; path = Pods_BearOCR.framework; sourceTree = BUILT_PRODUCTS_DIR; };
/* End PBXFileReference section */

/* Begin PBXFrameworksBuildPhase section */
		18756A5C228025AD003B422B /* Frameworks */ = {
			isa = PBXFrameworksBuildPhase;
			buildActionMask = 2147483647;
			files = (
				18756AA22281A9BA003B422B /* AipBase.framework in Frameworks */,
				18756A982281A98B003B422B /* Pods_BearOCR.framework in Frameworks */,
				18756AA02281A9BA003B422B /* AipOcrSdk.framework in Frameworks */,
				18756AA82282D1B8003B422B /* opencv2.framework in Frameworks */,
				18756AA52281AE42003B422B /* IdcardQuality.framework in Frameworks */,
			);
			runOnlyForDeploymentPostprocessing = 0;
		};
		18756A70228025AF003B422B /* Frameworks */ = {
			isa = PBXFrameworksBuildPhase;
			buildActionMask = 2147483647;
			files = (
				9904416E9666E2F12F8FA102 /* Pods_BearOCRTests.framework in Frameworks */,
			);
			runOnlyForDeploymentPostprocessing = 0;
		};
/* End PBXFrameworksBuildPhase section */

/* Begin PBXGroup section */
		18756A56228025AD003B422B = {
			isa = PBXGroup;
			children = (
				18756A61228025AD003B422B /* BearOCR */,
				18756A76228025AF003B422B /* BearOCRTests */,
				18756A60228025AD003B422B /* Products */,
				89B5068FBF5B58DB96DC1DCB /* Pods */,
				8F9ED9BD7ECD03E82F9237E8 /* Frameworks */,
			);
			sourceTree = "<group>";
		};
		18756A60228025AD003B422B /* Products */ = {
			isa = PBXGroup;
			children = (
				18756A5F228025AD003B422B /* BearOCR.app */,
				18756A73228025AF003B422B /* BearOCRTests.xctest */,
			);
			name = Products;
			sourceTree = "<group>";
		};
		18756A61228025AD003B422B /* BearOCR */ = {
			isa = PBXGroup;
			children = (
				18756AA92282D23F003B422B /* OpenCV */,
				18756A89228036C4003B422B /* Utils */,
				18756A87228033F1003B422B /* tessdata */,
				18756A62228025AD003B422B /* AppDelegate.swift */,
				18756A832280327E003B422B /* WordOCRViewController.swift */,
				18756A66228025AD003B422B /* Main.storyboard */,
				18756A69228025AF003B422B /* Assets.xcassets */,
				18756A6B228025AF003B422B /* LaunchScreen.storyboard */,
				18756A6E228025AF003B422B /* Info.plist */,
			);
			path = BearOCR;
			sourceTree = "<group>";
		};
		18756A76228025AF003B422B /* BearOCRTests */ = {
			isa = PBXGroup;
			children = (
				18756A77228025AF003B422B /* BearOCRTests.swift */,
				18756A79228025AF003B422B /* Info.plist */,
			);
			path = BearOCRTests;
			sourceTree = "<group>";
		};
		18756A89228036C4003B422B /* Utils */ = {
			isa = PBXGroup;
			children = (
			);
			path = Utils;
			sourceTree = "<group>";
		};
		18756AA92282D23F003B422B /* OpenCV */ = {
			isa = PBXGroup;
			children = (
				18756AAB2282D2FA003B422B /* OpenCVWrapper.h */,
				18756AAC2282D2FA003B422B /* OpenCVWrapper.mm */,
				18756AAA2282D2FA003B422B /* BearOCR-Bridging-Header.h */,
				18756AAE2282D44C003B422B /* PrefixHeader.pch */,
			);
			path = OpenCV;
			sourceTree = "<group>";
		};
		89B5068FBF5B58DB96DC1DCB /* Pods */ = {
			isa = PBXGroup;
			children = (
				AB24E1BD8CD0A31776FE2DBC /* Pods-BearOCR.debug.xcconfig */,
				10BAEDD7017CE94A8CD13DB9 /* Pods-BearOCR.release.xcconfig */,
				4D954F1DA57EF8961E74697A /* Pods-BearOCRTests.debug.xcconfig */,
				5D47AD38D60FB197B9F631F6 /* Pods-BearOCRTests.release.xcconfig */,
			);
			path = Pods;
			sourceTree = "<group>";
		};
		8F9ED9BD7ECD03E82F9237E8 /* Frameworks */ = {
			isa = PBXGroup;
			children = (
				18756AA72282D1B8003B422B /* opencv2.framework */,
				18756A9F2281A9BA003B422B /* AipBase.framework */,
				18756A9E2281A9BA003B422B /* AipOcrSdk.framework */,
				18756A8F2281970E003B422B /* IdcardQuality.framework */,
				FE2C478009581AB2B3757D96 /* Pods_BearOCR.framework */,
				379615953B6AF21BB3751D7A /* Pods_BearOCRTests.framework */,
			);
			name = Frameworks;
			sourceTree = "<group>";
		};
/* End PBXGroup section */

/* Begin PBXNativeTarget section */
		18756A5E228025AD003B422B /* BearOCR */ = {
			isa = PBXNativeTarget;
			buildConfigurationList = 18756A7C228025AF003B422B /* Build configuration list for PBXNativeTarget "BearOCR" */;
			buildPhases = (
				D5C7D9FDCC5599E6A3BAFF46 /* [CP] Check Pods Manifest.lock */,
				18756A5B228025AD003B422B /* Sources */,
				18756A5C228025AD003B422B /* Frameworks */,
				18756A5D228025AD003B422B /* Resources */,
				3EB6C72DF61E087E9668D977 /* [CP] Embed Pods Frameworks */,
				18756AA42281A9BA003B422B /* Embed Frameworks */,
			);
			buildRules = (
			);
			dependencies = (
			);
			name = BearOCR;
			productName = BearOCR;
			productReference = 18756A5F228025AD003B422B /* BearOCR.app */;
			productType = "com.apple.product-type.application";
		};
		18756A72228025AF003B422B /* BearOCRTests */ = {
			isa = PBXNativeTarget;
			buildConfigurationList = 18756A7F228025AF003B422B /* Build configuration list for PBXNativeTarget "BearOCRTests" */;
			buildPhases = (
				DA98A261388FD33EBEC1E2D9 /* [CP] Check Pods Manifest.lock */,
				18756A6F228025AF003B422B /* Sources */,
				18756A70228025AF003B422B /* Frameworks */,
				18756A71228025AF003B422B /* Resources */,
			);
			buildRules = (
			);
			dependencies = (
				18756A75228025AF003B422B /* PBXTargetDependency */,
			);
			name = BearOCRTests;
			productName = BearOCRTests;
			productReference = 18756A73228025AF003B422B /* BearOCRTests.xctest */;
			productType = "com.apple.product-type.bundle.unit-test";
		};
/* End PBXNativeTarget section */

/* Begin PBXProject section */
		18756A57228025AD003B422B /* Project object */ = {
			isa = PBXProject;
			attributes = {
				LastSwiftUpdateCheck = 1020;
				LastUpgradeCheck = 1020;
				ORGANIZATIONNAME = zly;
				TargetAttributes = {
					18756A5E228025AD003B422B = {
						CreatedOnToolsVersion = 10.2.1;
						LastSwiftMigration = 1020;
					};
					18756A72228025AF003B422B = {
						CreatedOnToolsVersion = 10.2.1;
						TestTargetID = 18756A5E228025AD003B422B;
					};
				};
			};
			buildConfigurationList = 18756A5A228025AD003B422B /* Build configuration list for PBXProject "BearOCR" */;
			compatibilityVersion = "Xcode 9.3";
			developmentRegion = en;
			hasScannedForEncodings = 0;
			knownRegions = (
				en,
				Base,
			);
			mainGroup = 18756A56228025AD003B422B;
			productRefGroup = 18756A60228025AD003B422B /* Products */;
			projectDirPath = "";
			projectRoot = "";
			targets = (
				18756A5E228025AD003B422B /* BearOCR */,
				18756A72228025AF003B422B /* BearOCRTests */,
			);
		};
/* End PBXProject section */

/* Begin PBXResourcesBuildPhase section */
		18756A5D228025AD003B422B /* Resources */ = {
			isa = PBXResourcesBuildPhase;
			buildActionMask = 2147483647;
			files = (
				18756A6D228025AF003B422B /* LaunchScreen.storyboard in Resources */,
				18756A88228033F1003B422B /* tessdata in Resources */,
				18756A6A228025AF003B422B /* Assets.xcassets in Resources */,
				18756A68228025AD003B422B /* Main.storyboard in Resources */,
			);
			runOnlyForDeploymentPostprocessing = 0;
		};
		18756A71228025AF003B422B /* Resources */ = {
			isa = PBXResourcesBuildPhase;
			buildActionMask = 2147483647;
			files = (
			);
			runOnlyForDeploymentPostprocessing = 0;
		};
/* End PBXResourcesBuildPhase section */

/* Begin PBXShellScriptBuildPhase section */
		3EB6C72DF61E087E9668D977 /* [CP] Embed Pods Frameworks */ = {
			isa = PBXShellScriptBuildPhase;
			buildActionMask = 2147483647;
			files = (
			);
			inputFileListPaths = (
			);
			inputPaths = (
				"${PODS_ROOT}/Target Support Files/Pods-BearOCR/Pods-BearOCR-frameworks.sh",
				"${BUILT_PRODUCTS_DIR}/CropViewController/CropViewController.framework",
				"${BUILT_PRODUCTS_DIR}/DKCamera/DKCamera.framework",
				"${BUILT_PRODUCTS_DIR}/DKImagePickerController/DKImagePickerController.framework",
				"${BUILT_PRODUCTS_DIR}/DKPhotoGallery/DKPhotoGallery.framework",
				"${BUILT_PRODUCTS_DIR}/FLAnimatedImage/FLAnimatedImage.framework",
				"${BUILT_PRODUCTS_DIR}/JXPhotoBrowser/JXPhotoBrowser.framework",
				"${BUILT_PRODUCTS_DIR}/Kingfisher/Kingfisher.framework",
				"${BUILT_PRODUCTS_DIR}/SDWebImage/SDWebImage.framework",
			);
			name = "[CP] Embed Pods Frameworks";
			outputFileListPaths = (
			);
			outputPaths = (
				"${TARGET_BUILD_DIR}/${FRAMEWORKS_FOLDER_PATH}/CropViewController.framework",
				"${TARGET_BUILD_DIR}/${FRAMEWORKS_FOLDER_PATH}/DKCamera.framework",
				"${TARGET_BUILD_DIR}/${FRAMEWORKS_FOLDER_PATH}/DKImagePickerController.framework",
				"${TARGET_BUILD_DIR}/${FRAMEWORKS_FOLDER_PATH}/DKPhotoGallery.framework",
				"${TARGET_BUILD_DIR}/${FRAMEWORKS_FOLDER_PATH}/FLAnimatedImage.framework",
				"${TARGET_BUILD_DIR}/${FRAMEWORKS_FOLDER_PATH}/JXPhotoBrowser.framework",
				"${TARGET_BUILD_DIR}/${FRAMEWORKS_FOLDER_PATH}/Kingfisher.framework",
				"${TARGET_BUILD_DIR}/${FRAMEWORKS_FOLDER_PATH}/SDWebImage.framework",
			);
			runOnlyForDeploymentPostprocessing = 0;
			shellPath = /bin/sh;
			shellScript = "\"${PODS_ROOT}/Target Support Files/Pods-BearOCR/Pods-BearOCR-frameworks.sh\"\n";
			showEnvVarsInLog = 0;
		};
		D5C7D9FDCC5599E6A3BAFF46 /* [CP] Check Pods Manifest.lock */ = {
			isa = PBXShellScriptBuildPhase;
			buildActionMask = 2147483647;
			files = (
			);
			inputFileListPaths = (
			);
			inputPaths = (
				"${PODS_PODFILE_DIR_PATH}/Podfile.lock",
				"${PODS_ROOT}/Manifest.lock",
			);
			name = "[CP] Check Pods Manifest.lock";
			outputFileListPaths = (
			);
			outputPaths = (
				"$(DERIVED_FILE_DIR)/Pods-BearOCR-checkManifestLockResult.txt",
			);
			runOnlyForDeploymentPostprocessing = 0;
			shellPath = /bin/sh;
			shellScript = "diff \"${PODS_PODFILE_DIR_PATH}/Podfile.lock\" \"${PODS_ROOT}/Manifest.lock\" > /dev/null\nif [ $? != 0 ] ; then\n    # print error to STDERR\n    echo \"error: The sandbox is not in sync with the Podfile.lock. Run 'pod install' or update your CocoaPods installation.\" >&2\n    exit 1\nfi\n# This output is used by Xcode 'outputs' to avoid re-running this script phase.\necho \"SUCCESS\" > \"${SCRIPT_OUTPUT_FILE_0}\"\n";
			showEnvVarsInLog = 0;
		};
		DA98A261388FD33EBEC1E2D9 /* [CP] Check Pods Manifest.lock */ = {
			isa = PBXShellScriptBuildPhase;
			buildActionMask = 2147483647;
			files = (
			);
			inputFileListPaths = (
			);
			inputPaths = (
				"${PODS_PODFILE_DIR_PATH}/Podfile.lock",
				"${PODS_ROOT}/Manifest.lock",
			);
			name = "[CP] Check Pods Manifest.lock";
			outputFileListPaths = (
			);
			outputPaths = (
				"$(DERIVED_FILE_DIR)/Pods-BearOCRTests-checkManifestLockResult.txt",
			);
			runOnlyForDeploymentPostprocessing = 0;
			shellPath = /bin/sh;
			shellScript = "diff \"${PODS_PODFILE_DIR_PATH}/Podfile.lock\" \"${PODS_ROOT}/Manifest.lock\" > /dev/null\nif [ $? != 0 ] ; then\n    # print error to STDERR\n    echo \"error: The sandbox is not in sync with the Podfile.lock. Run 'pod install' or update your CocoaPods installation.\" >&2\n    exit 1\nfi\n# This output is used by Xcode 'outputs' to avoid re-running this script phase.\necho \"SUCCESS\" > \"${SCRIPT_OUTPUT_FILE_0}\"\n";
			showEnvVarsInLog = 0;
		};
/* End PBXShellScriptBuildPhase section */

/* Begin PBXSourcesBuildPhase section */
		18756A5B228025AD003B422B /* Sources */ = {
			isa = PBXSourcesBuildPhase;
			buildActionMask = 2147483647;
			files = (
				18756A63228025AD003B422B /* AppDelegate.swift in Sources */,
				18756AAD2282D2FA003B422B /* OpenCVWrapper.mm in Sources */,
				18756A852280327E003B422B /* WordOCRViewController.swift in Sources */,
			);
			runOnlyForDeploymentPostprocessing = 0;
		};
		18756A6F228025AF003B422B /* Sources */ = {
			isa = PBXSourcesBuildPhase;
			buildActionMask = 2147483647;
			files = (
				18756A78228025AF003B422B /* BearOCRTests.swift in Sources */,
			);
			runOnlyForDeploymentPostprocessing = 0;
		};
/* End PBXSourcesBuildPhase section */

/* Begin PBXTargetDependency section */
		18756A75228025AF003B422B /* PBXTargetDependency */ = {
			isa = PBXTargetDependency;
			target = 18756A5E228025AD003B422B /* BearOCR */;
			targetProxy = 18756A74228025AF003B422B /* PBXContainerItemProxy */;
		};
/* End PBXTargetDependency section */

/* Begin PBXVariantGroup section */
		18756A66228025AD003B422B /* Main.storyboard */ = {
			isa = PBXVariantGroup;
			children = (
				18756A67228025AD003B422B /* Base */,
			);
			name = Main.storyboard;
			sourceTree = "<group>";
		};
		18756A6B228025AF003B422B /* LaunchScreen.storyboard */ = {
			isa = PBXVariantGroup;
			children = (
				18756A6C228025AF003B422B /* Base */,
			);
			name = LaunchScreen.storyboard;
			sourceTree = "<group>";
		};
/* End PBXVariantGroup section */

/* Begin XCBuildConfiguration section */
		18756A7A228025AF003B422B /* Debug */ = {
			isa = XCBuildConfiguration;
			buildSettings = {
				ALWAYS_SEARCH_USER_PATHS = NO;
				CLANG_ANALYZER_NONNULL = YES;
				CLANG_ANALYZER_NUMBER_OBJECT_CONVERSION = YES_AGGRESSIVE;
				CLANG_CXX_LANGUAGE_STANDARD = "gnu++14";
				CLANG_CXX_LIBRARY = "libc++";
				CLANG_ENABLE_MODULES = YES;
				CLANG_ENABLE_OBJC_ARC = YES;
				CLANG_ENABLE_OBJC_WEAK = YES;
				CLANG_WARN_BLOCK_CAPTURE_AUTORELEASING = YES;
				CLANG_WARN_BOOL_CONVERSION = YES;
				CLANG_WARN_COMMA = YES;
				CLANG_WARN_CONSTANT_CONVERSION = YES;
				CLANG_WARN_DEPRECATED_OBJC_IMPLEMENTATIONS = YES;
				CLANG_WARN_DIRECT_OBJC_ISA_USAGE = YES_ERROR;
				CLANG_WARN_DOCUMENTATION_COMMENTS = YES;
				CLANG_WARN_EMPTY_BODY = YES;
				CLANG_WARN_ENUM_CONVERSION = YES;
				CLANG_WARN_INFINITE_RECURSION = YES;
				CLANG_WARN_INT_CONVERSION = YES;
				CLANG_WARN_NON_LITERAL_NULL_CONVERSION = YES;
				CLANG_WARN_OBJC_IMPLICIT_RETAIN_SELF = YES;
				CLANG_WARN_OBJC_LITERAL_CONVERSION = YES;
				CLANG_WARN_OBJC_ROOT_CLASS = YES_ERROR;
				CLANG_WARN_RANGE_LOOP_ANALYSIS = YES;
				CLANG_WARN_STRICT_PROTOTYPES = YES;
				CLANG_WARN_SUSPICIOUS_MOVE = YES;
				CLANG_WARN_UNGUARDED_AVAILABILITY = YES_AGGRESSIVE;
				CLANG_WARN_UNREACHABLE_CODE = YES;
				CLANG_WARN__DUPLICATE_METHOD_MATCH = YES;
				CODE_SIGN_IDENTITY = "iPhone Developer";
				COPY_PHASE_STRIP = NO;
				DEBUG_INFORMATION_FORMAT = dwarf;
				ENABLE_STRICT_OBJC_MSGSEND = YES;
				ENABLE_TESTABILITY = YES;
				FRAMEWORK_SEARCH_PATHS = "$(PROJECT_DIR)";
				GCC_C_LANGUAGE_STANDARD = gnu11;
				GCC_DYNAMIC_NO_PIC = NO;
				GCC_NO_COMMON_BLOCKS = YES;
				GCC_OPTIMIZATION_LEVEL = 0;
				GCC_PREPROCESSOR_DEFINITIONS = (
					"DEBUG=1",
					"$(inherited)",
				);
				GCC_WARN_64_TO_32_BIT_CONVERSION = YES;
				GCC_WARN_ABOUT_RETURN_TYPE = YES_ERROR;
				GCC_WARN_UNDECLARED_SELECTOR = YES;
				GCC_WARN_UNINITIALIZED_AUTOS = YES_AGGRESSIVE;
				GCC_WARN_UNUSED_FUNCTION = YES;
				GCC_WARN_UNUSED_VARIABLE = YES;
				IPHONEOS_DEPLOYMENT_TARGET = 12.2;
				MTL_ENABLE_DEBUG_INFO = INCLUDE_SOURCE;
				MTL_FAST_MATH = YES;
				ONLY_ACTIVE_ARCH = YES;
				SDKROOT = iphoneos;
				SWIFT_ACTIVE_COMPILATION_CONDITIONS = DEBUG;
				SWIFT_OPTIMIZATION_LEVEL = "-Onone";
			};
			name = Debug;
		};
		18756A7B228025AF003B422B /* Release */ = {
			isa = XCBuildConfiguration;
			buildSettings = {
				ALWAYS_SEARCH_USER_PATHS = NO;
				CLANG_ANALYZER_NONNULL = YES;
				CLANG_ANALYZER_NUMBER_OBJECT_CONVERSION = YES_AGGRESSIVE;
				CLANG_CXX_LANGUAGE_STANDARD = "gnu++14";
				CLANG_CXX_LIBRARY = "libc++";
				CLANG_ENABLE_MODULES = YES;
				CLANG_ENABLE_OBJC_ARC = YES;
				CLANG_ENABLE_OBJC_WEAK = YES;
				CLANG_WARN_BLOCK_CAPTURE_AUTORELEASING = YES;
				CLANG_WARN_BOOL_CONVERSION = YES;
				CLANG_WARN_COMMA = YES;
				CLANG_WARN_CONSTANT_CONVERSION = YES;
				CLANG_WARN_DEPRECATED_OBJC_IMPLEMENTATIONS = YES;
				CLANG_WARN_DIRECT_OBJC_ISA_USAGE = YES_ERROR;
				CLANG_WARN_DOCUMENTATION_COMMENTS = YES;
				CLANG_WARN_EMPTY_BODY = YES;
				CLANG_WARN_ENUM_CONVERSION = YES;
				CLANG_WARN_INFINITE_RECURSION = YES;
				CLANG_WARN_INT_CONVERSION = YES;
				CLANG_WARN_NON_LITERAL_NULL_CONVERSION = YES;
				CLANG_WARN_OBJC_IMPLICIT_RETAIN_SELF = YES;
				CLANG_WARN_OBJC_LITERAL_CONVERSION = YES;
				CLANG_WARN_OBJC_ROOT_CLASS = YES_ERROR;
				CLANG_WARN_RANGE_LOOP_ANALYSIS = YES;
				CLANG_WARN_STRICT_PROTOTYPES = YES;
				CLANG_WARN_SUSPICIOUS_MOVE = YES;
				CLANG_WARN_UNGUARDED_AVAILABILITY = YES_AGGRESSIVE;
				CLANG_WARN_UNREACHABLE_CODE = YES;
				CLANG_WARN__DUPLICATE_METHOD_MATCH = YES;
				CODE_SIGN_IDENTITY = "iPhone Developer";
				COPY_PHASE_STRIP = NO;
				DEBUG_INFORMATION_FORMAT = "dwarf-with-dsym";
				ENABLE_NS_ASSERTIONS = NO;
				ENABLE_STRICT_OBJC_MSGSEND = YES;
				FRAMEWORK_SEARCH_PATHS = "$(PROJECT_DIR)";
				GCC_C_LANGUAGE_STANDARD = gnu11;
				GCC_NO_COMMON_BLOCKS = YES;
				GCC_WARN_64_TO_32_BIT_CONVERSION = YES;
				GCC_WARN_ABOUT_RETURN_TYPE = YES_ERROR;
				GCC_WARN_UNDECLARED_SELECTOR = YES;
				GCC_WARN_UNINITIALIZED_AUTOS = YES_AGGRESSIVE;
				GCC_WARN_UNUSED_FUNCTION = YES;
				GCC_WARN_UNUSED_VARIABLE = YES;
				IPHONEOS_DEPLOYMENT_TARGET = 12.2;
				MTL_ENABLE_DEBUG_INFO = NO;
				MTL_FAST_MATH = YES;
				SDKROOT = iphoneos;
				SWIFT_COMPILATION_MODE = wholemodule;
				SWIFT_OPTIMIZATION_LEVEL = "-O";
				VALIDATE_PRODUCT = YES;
			};
			name = Release;
		};
		18756A7D228025AF003B422B /* Debug */ = {
			isa = XCBuildConfiguration;
			baseConfigurationReference = AB24E1BD8CD0A31776FE2DBC /* Pods-BearOCR.debug.xcconfig */;
			buildSettings = {
				ASSETCATALOG_COMPILER_APPICON_NAME = AppIcon;
				CLANG_ENABLE_MODULES = YES;
				CODE_SIGN_STYLE = Automatic;
				DEVELOPMENT_TEAM = PN45C5W9UV;
				ENABLE_BITCODE = YES;
				FRAMEWORK_SEARCH_PATHS = (
					"$(inherited)",
					"$(PROJECT_DIR)",
					"$(PROJECT_DIR)/BearOCR/lib",
				);
				INFOPLIST_FILE = BearOCR/Info.plist;
				IPHONEOS_DEPLOYMENT_TARGET = 10.0;
				LD_RUNPATH_SEARCH_PATHS = (
					"$(inherited)",
					"@executable_path/Frameworks",
				);
				PRODUCT_BUNDLE_IDENTIFIER = com.zly.BearOCR;
				PRODUCT_NAME = "$(TARGET_NAME)";
				SWIFT_OBJC_BRIDGING_HEADER = "BearOCR/OpenCV/BearOCR-Bridging-Header.h";
				SWIFT_OPTIMIZATION_LEVEL = "-Onone";
				SWIFT_VERSION = 5.0;
				TARGETED_DEVICE_FAMILY = "1,2";
			};
			name = Debug;
		};
		18756A7E228025AF003B422B /* Release */ = {
			isa = XCBuildConfiguration;
			baseConfigurationReference = 10BAEDD7017CE94A8CD13DB9 /* Pods-BearOCR.release.xcconfig */;
			buildSettings = {
				ASSETCATALOG_COMPILER_APPICON_NAME = AppIcon;
				CLANG_ENABLE_MODULES = YES;
				CODE_SIGN_STYLE = Automatic;
				DEVELOPMENT_TEAM = PN45C5W9UV;
				ENABLE_BITCODE = YES;
				FRAMEWORK_SEARCH_PATHS = (
					"$(inherited)",
					"$(PROJECT_DIR)",
					"$(PROJECT_DIR)/BearOCR/lib",
				);
				INFOPLIST_FILE = BearOCR/Info.plist;
				IPHONEOS_DEPLOYMENT_TARGET = 10.0;
				LD_RUNPATH_SEARCH_PATHS = (
					"$(inherited)",
					"@executable_path/Frameworks",
				);
				PRODUCT_BUNDLE_IDENTIFIER = com.zly.BearOCR;
				PRODUCT_NAME = "$(TARGET_NAME)";
				SWIFT_OBJC_BRIDGING_HEADER = "BearOCR/OpenCV/BearOCR-Bridging-Header.h";
				SWIFT_VERSION = 5.0;
				TARGETED_DEVICE_FAMILY = "1,2";
			};
			name = Release;
		};
		18756A80228025AF003B422B /* Debug */ = {
			isa = XCBuildConfiguration;
			baseConfigurationReference = 4D954F1DA57EF8961E74697A /* Pods-BearOCRTests.debug.xcconfig */;
			buildSettings = {
				ALWAYS_EMBED_SWIFT_STANDARD_LIBRARIES = YES;
				BUNDLE_LOADER = "$(TEST_HOST)";
				CODE_SIGN_STYLE = Automatic;
				DEVELOPMENT_TEAM = PN45C5W9UV;
				INFOPLIST_FILE = BearOCRTests/Info.plist;
				LD_RUNPATH_SEARCH_PATHS = (
					"$(inherited)",
					"@executable_path/Frameworks",
					"@loader_path/Frameworks",
				);
				PRODUCT_BUNDLE_IDENTIFIER = com.zly.BearOCRTests;
				PRODUCT_NAME = "$(TARGET_NAME)";
				SWIFT_VERSION = 5.0;
				TARGETED_DEVICE_FAMILY = "1,2";
				TEST_HOST = "$(BUILT_PRODUCTS_DIR)/BearOCR.app/BearOCR";
			};
			name = Debug;
		};
		18756A81228025AF003B422B /* Release */ = {
			isa = XCBuildConfiguration;
			baseConfigurationReference = 5D47AD38D60FB197B9F631F6 /* Pods-BearOCRTests.release.xcconfig */;
			buildSettings = {
				ALWAYS_EMBED_SWIFT_STANDARD_LIBRARIES = YES;
				BUNDLE_LOADER = "$(TEST_HOST)";
				CODE_SIGN_STYLE = Automatic;
				DEVELOPMENT_TEAM = PN45C5W9UV;
				INFOPLIST_FILE = BearOCRTests/Info.plist;
				LD_RUNPATH_SEARCH_PATHS = (
					"$(inherited)",
					"@executable_path/Frameworks",
					"@loader_path/Frameworks",
				);
				PRODUCT_BUNDLE_IDENTIFIER = com.zly.BearOCRTests;
				PRODUCT_NAME = "$(TARGET_NAME)";
				SWIFT_VERSION = 5.0;
				TARGETED_DEVICE_FAMILY = "1,2";
				TEST_HOST = "$(BUILT_PRODUCTS_DIR)/BearOCR.app/BearOCR";
			};
			name = Release;
		};
/* End XCBuildConfiguration section */

/* Begin XCConfigurationList section */
		18756A5A228025AD003B422B /* Build configuration list for PBXProject "BearOCR" */ = {
			isa = XCConfigurationList;
			buildConfigurations = (
				18756A7A228025AF003B422B /* Debug */,
				18756A7B228025AF003B422B /* Release */,
			);
			defaultConfigurationIsVisible = 0;
			defaultConfigurationName = Release;
		};
		18756A7C228025AF003B422B /* Build configuration list for PBXNativeTarget "BearOCR" */ = {
			isa = XCConfigurationList;
			buildConfigurations = (
				18756A7D228025AF003B422B /* Debug */,
				18756A7E228025AF003B422B /* Release */,
			);
			defaultConfigurationIsVisible = 0;
			defaultConfigurationName = Release;
		};
		18756A7F228025AF003B422B /* Build configuration list for PBXNativeTarget "BearOCRTests" */ = {
			isa = XCConfigurationList;
			buildConfigurations = (
				18756A80228025AF003B422B /* Debug */,
				18756A81228025AF003B422B /* Release */,
			);
			defaultConfigurationIsVisible = 0;
			defaultConfigurationName = Release;
		};
/* End XCConfigurationList section */
	};
	rootObject = 18756A57228025AD003B422B /* Project object */;
}
